
Microsoft Visual Studio Solution File, Format Version 12.00
# Visual Studio Version 17
VisualStudioVersion = 17.7.34031.279
MinimumVisualStudioVersion = 10.0.40219.1
Project("{2150E333-8FDC-42A3-9474-1A3956D46DE8}") = "Enterprise Business Rules", "Enterprise Business Rules", "{8A9264AD-1FC1-4648-8260-E57192C06578}"
EndProject
Project("{2150E333-8FDC-42A3-9474-1A3956D46DE8}") = "Application Business Rules", "Application Business Rules", "{E19DA627-732A-4D56-BF89-B4111E654591}"
EndProject
Project("{2150E333-8FDC-42A3-9474-1A3956D46DE8}") = "Interface Adapters", "Interface Adapters", "{28F24577-83DC-4C1B-B3CC-0C7B722D0BF5}"
EndProject
Project("{9A19103F-16F7-4668-BE54-9A1E7A4F7556}") = "Almacen.Entitites", "Almacen.Entitites\Almacen.Entitites.csproj", "{ACE56919-69C1-47AB-91F3-DBD13A6227F3}"
EndProject
Project("{9A19103F-16F7-4668-BE54-9A1E7A4F7556}") = "Almacen.CasosDeUsos", "Almacen.CasosDeUsos\Almacen.CasosDeUsos.csproj", "{E252435C-9A7C-4F95-AAAB-A78BA410733C}"
EndProject
Project("{9A19103F-16F7-4668-BE54-9A1E7A4F7556}") = "Almacen.CasosDeUsoPorts", "Almacen.CasosDeUsoPorts\Almacen.CasosDeUsoPorts.csproj", "{5D332F5A-B5DE-4241-AA0A-2A9A6AB13375}"
EndProject
Project("{9A19103F-16F7-4668-BE54-9A1E7A4F7556}") = "Almacen.DTOs", "Almacen.DTOs\Almacen.DTOs.csproj", "{CE581B21-AD26-4B76-885E-CCF1C02EFB4E}"
EndProject
Project("{2150E333-8FDC-42A3-9474-1A3956D46DE8}") = "Gateways", "Gateways", "{A9D7B7E5-D8AF-4AF9-9C10-E752352F3D56}"
EndProject
Project("{9A19103F-16F7-4668-BE54-9A1E7A4F7556}") = "Almacen.RepositorioEFCore", "Almacen.RepositorioEFCore\Almacen.RepositorioEFCore.csproj", "{E27FC019-5D2E-4093-9B0B-2010342EC9D5}"
EndProject
Project("{2150E333-8FDC-42A3-9474-1A3956D46DE8}") = "Presenters", "Presenters", "{79BA6640-D46A-457E-97C2-8D14E89DBFBE}"
EndProject
Project("{2150E333-8FDC-42A3-9474-1A3956D46DE8}") = "Controllers", "Controllers", "{DCAB8EE7-AB07-4D83-BD16-18B233A6EDB3}"
EndProject
Project("{9A19103F-16F7-4668-BE54-9A1E7A4F7556}") = "Almacen.Presenters", "Almacen.Presenters\Almacen.Presenters.csproj", "{4BD95F93-326A-4BFB-9798-F793F07C2FA5}"
EndProject
Project("{FAE04EC0-301F-11D3-BF4B-00C04F79EFBC}") = "Almacen.Controllers", "Almacen.Controllers\Almacen.Controllers.csproj", "{F0134C6B-F6A8-4442-9610-2802ED80A635}"
EndProject
Project("{2150E333-8FDC-42A3-9474-1A3956D46DE8}") = "Frameworks y Drivers", "Frameworks y Drivers", "{D5BA901A-A1B8-48E4-A5DB-8E3B6B5B709E}"
EndProject
Project("{2150E333-8FDC-42A3-9474-1A3956D46DE8}") = "UIs", "UIs", "{37328B73-883E-41B9-AF02-90A8007999B7}"
EndProject
Project("{FAE04EC0-301F-11D3-BF4B-00C04F79EFBC}") = "Almacen.Api", "Almacen.Api\Almacen.Api.csproj", "{10D4D74C-1C1D-4B35-B6C6-667963CDA54B}"
EndProject
Project("{FAE04EC0-301F-11D3-BF4B-00C04F79EFBC}") = "Almacen.IOC", "Almacen.IOC\Almacen.IOC.csproj", "{12C964DD-34D1-47ED-9EF9-B3F7CAA5E65B}"
EndProject
Global
	GlobalSection(SolutionConfigurationPlatforms) = preSolution
		Debug|Any CPU = Debug|Any CPU
		Release|Any CPU = Release|Any CPU
	EndGlobalSection
	GlobalSection(ProjectConfigurationPlatforms) = postSolution
		{ACE56919-69C1-47AB-91F3-DBD13A6227F3}.Debug|Any CPU.ActiveCfg = Debug|Any CPU
		{ACE56919-69C1-47AB-91F3-DBD13A6227F3}.Debug|Any CPU.Build.0 = Debug|Any CPU
		{ACE56919-69C1-47AB-91F3-DBD13A6227F3}.Release|Any CPU.ActiveCfg = Release|Any CPU
		{ACE56919-69C1-47AB-91F3-DBD13A6227F3}.Release|Any CPU.Build.0 = Release|Any CPU
		{E252435C-9A7C-4F95-AAAB-A78BA410733C}.Debug|Any CPU.ActiveCfg = Debug|Any CPU
		{E252435C-9A7C-4F95-AAAB-A78BA410733C}.Debug|Any CPU.Build.0 = Debug|Any CPU
		{E252435C-9A7C-4F95-AAAB-A78BA410733C}.Release|Any CPU.ActiveCfg = Release|Any CPU
		{E252435C-9A7C-4F95-AAAB-A78BA410733C}.Release|Any CPU.Build.0 = Release|Any CPU
		{5D332F5A-B5DE-4241-AA0A-2A9A6AB13375}.Debug|Any CPU.ActiveCfg = Debug|Any CPU
		{5D332F5A-B5DE-4241-AA0A-2A9A6AB13375}.Debug|Any CPU.Build.0 = Debug|Any CPU
		{5D332F5A-B5DE-4241-AA0A-2A9A6AB13375}.Release|Any CPU.ActiveCfg = Release|Any CPU
		{5D332F5A-B5DE-4241-AA0A-2A9A6AB13375}.Release|Any CPU.Build.0 = Release|Any CPU
		{CE581B21-AD26-4B76-885E-CCF1C02EFB4E}.Debug|Any CPU.ActiveCfg = Debug|Any CPU
		{CE581B21-AD26-4B76-885E-CCF1C02EFB4E}.Debug|Any CPU.Build.0 = Debug|Any CPU
		{CE581B21-AD26-4B76-885E-CCF1C02EFB4E}.Release|Any CPU.ActiveCfg = Release|Any CPU
		{CE581B21-AD26-4B76-885E-CCF1C02EFB4E}.Release|Any CPU.Build.0 = Release|Any CPU
		{E27FC019-5D2E-4093-9B0B-2010342EC9D5}.Debug|Any CPU.ActiveCfg = Debug|Any CPU
		{E27FC019-5D2E-4093-9B0B-2010342EC9D5}.Debug|Any CPU.Build.0 = Debug|Any CPU
		{E27FC019-5D2E-4093-9B0B-2010342EC9D5}.Release|Any CPU.ActiveCfg = Release|Any CPU
		{E27FC019-5D2E-4093-9B0B-2010342EC9D5}.Release|Any CPU.Build.0 = Release|Any CPU
		{4BD95F93-326A-4BFB-9798-F793F07C2FA5}.Debug|Any CPU.ActiveCfg = Debug|Any CPU
		{4BD95F93-326A-4BFB-9798-F793F07C2FA5}.Debug|Any CPU.Build.0 = Debug|Any CPU
		{4BD95F93-326A-4BFB-9798-F793F07C2FA5}.Release|Any CPU.ActiveCfg = Release|Any CPU
		{4BD95F93-326A-4BFB-9798-F793F07C2FA5}.Release|Any CPU.Build.0 = Release|Any CPU
		{F0134C6B-F6A8-4442-9610-2802ED80A635}.Debug|Any CPU.ActiveCfg = Debug|Any CPU
		{F0134C6B-F6A8-4442-9610-2802ED80A635}.Debug|Any CPU.Build.0 = Debug|Any CPU
		{F0134C6B-F6A8-4442-9610-2802ED80A635}.Release|Any CPU.ActiveCfg = Release|Any CPU
		{F0134C6B-F6A8-4442-9610-2802ED80A635}.Release|Any CPU.Build.0 = Release|Any CPU
		{10D4D74C-1C1D-4B35-B6C6-667963CDA54B}.Debug|Any CPU.ActiveCfg = Debug|Any CPU
		{10D4D74C-1C1D-4B35-B6C6-667963CDA54B}.Debug|Any CPU.Build.0 = Debug|Any CPU
		{10D4D74C-1C1D-4B35-B6C6-667963CDA54B}.Release|Any CPU.ActiveCfg = Release|Any CPU
		{10D4D74C-1C1D-4B35-B6C6-667963CDA54B}.Release|Any CPU.Build.0 = Release|Any CPU
		{12C964DD-34D1-47ED-9EF9-B3F7CAA5E65B}.Debug|Any CPU.ActiveCfg = Debug|Any CPU
		{12C964DD-34D1-47ED-9EF9-B3F7CAA5E65B}.Debug|Any CPU.Build.0 = Debug|Any CPU
		{12C964DD-34D1-47ED-9EF9-B3F7CAA5E65B}.Release|Any CPU.ActiveCfg = Release|Any CPU
		{12C964DD-34D1-47ED-9EF9-B3F7CAA5E65B}.Release|Any CPU.Build.0 = Release|Any CPU
	EndGlobalSection
	GlobalSection(SolutionProperties) = preSolution
		HideSolutionNode = FALSE
	EndGlobalSection
	GlobalSection(NestedProjects) = preSolution
		{ACE56919-69C1-47AB-91F3-DBD13A6227F3} = {8A9264AD-1FC1-4648-8260-E57192C06578}
		{E252435C-9A7C-4F95-AAAB-A78BA410733C} = {E19DA627-732A-4D56-BF89-B4111E654591}
		{5D332F5A-B5DE-4241-AA0A-2A9A6AB13375} = {E19DA627-732A-4D56-BF89-B4111E654591}
		{CE581B21-AD26-4B76-885E-CCF1C02EFB4E} = {E19DA627-732A-4D56-BF89-B4111E654591}
		{A9D7B7E5-D8AF-4AF9-9C10-E752352F3D56} = {28F24577-83DC-4C1B-B3CC-0C7B722D0BF5}
		{E27FC019-5D2E-4093-9B0B-2010342EC9D5} = {A9D7B7E5-D8AF-4AF9-9C10-E752352F3D56}
		{79BA6640-D46A-457E-97C2-8D14E89DBFBE} = {28F24577-83DC-4C1B-B3CC-0C7B722D0BF5}
		{DCAB8EE7-AB07-4D83-BD16-18B233A6EDB3} = {28F24577-83DC-4C1B-B3CC-0C7B722D0BF5}
		{4BD95F93-326A-4BFB-9798-F793F07C2FA5} = {79BA6640-D46A-457E-97C2-8D14E89DBFBE}
		{F0134C6B-F6A8-4442-9610-2802ED80A635} = {DCAB8EE7-AB07-4D83-BD16-18B233A6EDB3}
		{37328B73-883E-41B9-AF02-90A8007999B7} = {D5BA901A-A1B8-48E4-A5DB-8E3B6B5B709E}
		{10D4D74C-1C1D-4B35-B6C6-667963CDA54B} = {37328B73-883E-41B9-AF02-90A8007999B7}
		{12C964DD-34D1-47ED-9EF9-B3F7CAA5E65B} = {D5BA901A-A1B8-48E4-A5DB-8E3B6B5B709E}
	EndGlobalSection
	GlobalSection(ExtensibilityGlobals) = postSolution
		SolutionGuid = {D3D39A2B-BA40-467C-9317-D170D766D4F1}
	EndGlobalSection
EndGlobal
